{
  "nodes": {
    "nixpkgs": {
      "locked": {
        "lastModified": 1713042715,
        "narHash": "sha256-RifMwYuKu5v6x6O65msKDTqKkQ9crGwOB7yr20qMEuE=",
        "path": "/nix/store/cg3ln8x11yay515c1v9i9nwn5y32lw94-source",
        "rev": "c27f3b6d8e29346af16eecc0e9d54b1071eae27e",
        "type": "path"
      },
      "original": {
        "id": "nixpkgs",
        "type": "indirect"
      }
    },
    "root": {
      "inputs": {
        "nixpkgs": "nixpkgs",
        "unstable": "unstable"
      }
    },
    "unstable": {
      "locked": {
        "lastModified": 1720768451,
        "narHash": "sha256-EYekUHJE2gxeo2pM/zM9Wlqw1Uw2XTJXOSAO79ksc4Y=",
        "owner": "NixOS",
        "repo": "nixpkgs",
        "rev": "7e7c39ea35c5cdd002cd4588b03a3fb9ece6fad9",
        "type": "github"
      },
      "original": {
        "id": "nixpkgs",
        "ref": "nixos-unstable",
        "type": "indirect"
      }
    }
  },
  "root": "root",
  "version": 7
}
